Microsoft Visual Studio Solution File, Format Version 8.00
Project("{8BC9CEB8-8B4A-11D0-8D11-00A0C91BC942}") = "Ipopt", "Ipopt.vcproj", "{70C95D45-EB96-4C08-94D5-F1081D021629}"
	ProjectSection(ProjectDependencies) = postProject
	EndProjectSection
EndProject
Project("{6989167D-11E4-40FE-8C1A-2192A86A7E90}") = "FortranLinAlg", "..\FortranLinAlg\FortranLinAlg.vfproj", "{E139BC7F-6A35-40A3-A09E-5D0001C536F8}"
	ProjectSection(ProjectDependencies) = postProject
	EndProjectSection
EndProject
Project("{6989167D-11E4-40FE-8C1A-2192A86A7E90}") = "hs071_f", "..\hs071_f\hs071_f.vfproj", "{0E172242-764D-423A-A8F3-4FA5E080095C}"
	ProjectSection(ProjectDependencies) = postProject
		{70C95D45-EB96-4C08-94D5-F1081D021629} = {70C95D45-EB96-4C08-94D5-F1081D021629}
		{E139BC7F-6A35-40A3-A09E-5D0001C536F8} = {E139BC7F-6A35-40A3-A09E-5D0001C536F8}
	EndProjectSection
EndProject
Project("{8BC9CEB8-8B4A-11D0-8D11-00A0C91BC942}") = "CppExample", "..\CppExample\CppExample.vcproj", "{C55A412F-941A-4857-AD30-14635ECB307C}"
	ProjectSection(ProjectDependencies) = postProject
		{70C95D45-EB96-4C08-94D5-F1081D021629} = {70C95D45-EB96-4C08-94D5-F1081D021629}
		{E139BC7F-6A35-40A3-A09E-5D0001C536F8} = {E139BC7F-6A35-40A3-A09E-5D0001C536F8}
	EndProjectSection
EndProject
Project("{8BC9CEB8-8B4A-11D0-8D11-00A0C91BC942}") = "hs071_c", "..\hs071_c\hs071_c.vcproj", "{D0EF08B1-3FDE-495A-A196-D9EBD19933E8}"
	ProjectSection(ProjectDependencies) = postProject
		{70C95D45-EB96-4C08-94D5-F1081D021629} = {70C95D45-EB96-4C08-94D5-F1081D021629}
		{E139BC7F-6A35-40A3-A09E-5D0001C536F8} = {E139BC7F-6A35-40A3-A09E-5D0001C536F8}
	EndProjectSection
EndProject
Project("{8BC9CEB8-8B4A-11D0-8D11-00A0C91BC942}") = "ScalableProblems", "..\ScalableProblems\ScalableProblems.vcproj", "{07C62E6B-25FB-4DCD-A0E3-FE4E7D4A6042}"
	ProjectSection(ProjectDependencies) = postProject
		{70C95D45-EB96-4C08-94D5-F1081D021629} = {70C95D45-EB96-4C08-94D5-F1081D021629}
		{E139BC7F-6A35-40A3-A09E-5D0001C536F8} = {E139BC7F-6A35-40A3-A09E-5D0001C536F8}
	EndProjectSection
EndProject
Project("{8BC9CEB8-8B4A-11D0-8D11-00A0C91BC942}") = "hs071_cpp", "..\hs071_cpp\hs071_cpp.vcproj", "{84B04F75-86DB-4056-8A02-6A2374E72A4E}"
	ProjectSection(ProjectDependencies) = postProject
		{70C95D45-EB96-4C08-94D5-F1081D021629} = {70C95D45-EB96-4C08-94D5-F1081D021629}
		{E139BC7F-6A35-40A3-A09E-5D0001C536F8} = {E139BC7F-6A35-40A3-A09E-5D0001C536F8}
	EndProjectSection
EndProject
Global
	GlobalSection(SolutionConfiguration) = preSolution
		Debug = Debug
		Release = Release
	EndGlobalSection
	GlobalSection(ProjectConfiguration) = postSolution
		{70C95D45-EB96-4C08-94D5-F1081D021629}.Debug.ActiveCfg = Debug|Win32
		{70C95D45-EB96-4C08-94D5-F1081D021629}.Debug.Build.0 = Debug|Win32
		{70C95D45-EB96-4C08-94D5-F1081D021629}.Release.ActiveCfg = Release|Win32
		{70C95D45-EB96-4C08-94D5-F1081D021629}.Release.Build.0 = Release|Win32
		{E139BC7F-6A35-40A3-A09E-5D0001C536F8}.Debug.ActiveCfg = Debug|Win32
		{E139BC7F-6A35-40A3-A09E-5D0001C536F8}.Debug.Build.0 = Debug|Win32
		{E139BC7F-6A35-40A3-A09E-5D0001C536F8}.Release.ActiveCfg = Release|Win32
		{E139BC7F-6A35-40A3-A09E-5D0001C536F8}.Release.Build.0 = Release|Win32
		{0E172242-764D-423A-A8F3-4FA5E080095C}.Debug.ActiveCfg = Debug|Win32
		{0E172242-764D-423A-A8F3-4FA5E080095C}.Debug.Build.0 = Debug|Win32
		{0E172242-764D-423A-A8F3-4FA5E080095C}.Release.ActiveCfg = Release|Win32
		{0E172242-764D-423A-A8F3-4FA5E080095C}.Release.Build.0 = Release|Win32
		{C55A412F-941A-4857-AD30-14635ECB307C}.Debug.ActiveCfg = Debug|Win32
		{C55A412F-941A-4857-AD30-14635ECB307C}.Debug.Build.0 = Debug|Win32
		{C55A412F-941A-4857-AD30-14635ECB307C}.Release.ActiveCfg = Release|Win32
		{C55A412F-941A-4857-AD30-14635ECB307C}.Release.Build.0 = Release|Win32
		{D0EF08B1-3FDE-495A-A196-D9EBD19933E8}.Debug.ActiveCfg = Debug|Win32
		{D0EF08B1-3FDE-495A-A196-D9EBD19933E8}.Debug.Build.0 = Debug|Win32
		{D0EF08B1-3FDE-495A-A196-D9EBD19933E8}.Release.ActiveCfg = Release|Win32
		{D0EF08B1-3FDE-495A-A196-D9EBD19933E8}.Release.Build.0 = Release|Win32
		{07C62E6B-25FB-4DCD-A0E3-FE4E7D4A6042}.Debug.ActiveCfg = Debug|Win32
		{07C62E6B-25FB-4DCD-A0E3-FE4E7D4A6042}.Debug.Build.0 = Debug|Win32
		{07C62E6B-25FB-4DCD-A0E3-FE4E7D4A6042}.Release.ActiveCfg = Release|Win32
		{07C62E6B-25FB-4DCD-A0E3-FE4E7D4A6042}.Release.Build.0 = Release|Win32
		{84B04F75-86DB-4056-8A02-6A2374E72A4E}.Debug.ActiveCfg = Debug|Win32
		{84B04F75-86DB-4056-8A02-6A2374E72A4E}.Debug.Build.0 = Debug|Win32
		{84B04F75-86DB-4056-8A02-6A2374E72A4E}.Release.ActiveCfg = Release|Win32
		{84B04F75-86DB-4056-8A02-6A2374E72A4E}.Release.Build.0 = Release|Win32
	EndGlobalSection
	GlobalSection(ExtensibilityGlobals) = postSolution
	EndGlobalSection
	GlobalSection(ExtensibilityAddIns) = postSolution
	EndGlobalSection
EndGlobal
