
Microsoft Visual Studio Solution File, Format Version 9.00
# Visual C++ Express 2005
Project("{8BC9CEB8-8B4A-11D0-8D11-00A0C91BC942}") = "libIpopt", "libIpopt\libIpopt.vcproj", "{70C95D45-EB96-4C08-94D5-F1081D021629}"
	ProjectSection(ProjectDependencies) = postProject
		{D7079B7D-C9D9-4061-BE59-BA6A388853BA} = {D7079B7D-C9D9-4061-BE59-BA6A388853BA}
		{C2B9F577-7A9D-4C89-A669-9101DBE21436} = {C2B9F577-7A9D-4C89-A669-9101DBE21436}
		{1DF1B050-BC08-4FC4-8B99-27D7D73AD57C} = {1DF1B050-BC08-4FC4-8B99-27D7D73AD57C}
	EndProjectSection
EndProject
Project("{8BC9CEB8-8B4A-11D0-8D11-00A0C91BC942}") = "hs071_cpp", "hs071_cpp\hs071_cpp.vcproj", "{84B04F75-86DB-4056-8A02-6A2374E72A4E}"
	ProjectSection(ProjectDependencies) = postProject
		{1DF1B050-BC08-4FC4-8B99-27D7D73AD57C} = {1DF1B050-BC08-4FC4-8B99-27D7D73AD57C}
		{D7079B7D-C9D9-4061-BE59-BA6A388853BA} = {D7079B7D-C9D9-4061-BE59-BA6A388853BA}
		{C2B9F577-7A9D-4C89-A669-9101DBE21436} = {C2B9F577-7A9D-4C89-A669-9101DBE21436}
		{70C95D45-EB96-4C08-94D5-F1081D021629} = {70C95D45-EB96-4C08-94D5-F1081D021629}
	EndProjectSection
EndProject
Project("{8BC9CEB8-8B4A-11D0-8D11-00A0C91BC942}") = "libCoinBlas", "libCoinBlas\libCoinBlas.vcproj", "{1DF1B050-BC08-4FC4-8B99-27D7D73AD57C}"
EndProject
Project("{8BC9CEB8-8B4A-11D0-8D11-00A0C91BC942}") = "libCoinLapack", "libCoinLapack\libCoinLapack.vcproj", "{D7079B7D-C9D9-4061-BE59-BA6A388853BA}"
	ProjectSection(ProjectDependencies) = postProject
		{1DF1B050-BC08-4FC4-8B99-27D7D73AD57C} = {1DF1B050-BC08-4FC4-8B99-27D7D73AD57C}
	EndProjectSection
EndProject
Project("{8BC9CEB8-8B4A-11D0-8D11-00A0C91BC942}") = "libCoinHSL", "libCoinHSL\libCoinHSL.vcproj", "{C2B9F577-7A9D-4C89-A669-9101DBE21436}"
EndProject
Project("{8BC9CEB8-8B4A-11D0-8D11-00A0C91BC942}") = "IpoptAmplSolver", "IpoptAmplSolver\IpoptAmplSolver.vcproj", "{1A1833E6-DBDB-4175-801A-A53699D0B70F}"
	ProjectSection(ProjectDependencies) = postProject
		{70C95D45-EB96-4C08-94D5-F1081D021629} = {70C95D45-EB96-4C08-94D5-F1081D021629}
		{1DF1B050-BC08-4FC4-8B99-27D7D73AD57C} = {1DF1B050-BC08-4FC4-8B99-27D7D73AD57C}
		{C2B9F577-7A9D-4C89-A669-9101DBE21436} = {C2B9F577-7A9D-4C89-A669-9101DBE21436}
		{D7079B7D-C9D9-4061-BE59-BA6A388853BA} = {D7079B7D-C9D9-4061-BE59-BA6A388853BA}
	EndProjectSection
EndProject
Global
	GlobalSection(SolutionConfigurationPlatforms) = preSolution
		Debug|Win32 = Debug|Win32
		Release|Win32 = Release|Win32
	EndGlobalSection
	GlobalSection(ProjectConfigurationPlatforms) = postSolution
		{70C95D45-EB96-4C08-94D5-F1081D021629}.Debug|Win32.ActiveCfg = Debug|Win32
		{70C95D45-EB96-4C08-94D5-F1081D021629}.Debug|Win32.Build.0 = Debug|Win32
		{70C95D45-EB96-4C08-94D5-F1081D021629}.Release|Win32.ActiveCfg = Release|Win32
		{70C95D45-EB96-4C08-94D5-F1081D021629}.Release|Win32.Build.0 = Release|Win32
		{84B04F75-86DB-4056-8A02-6A2374E72A4E}.Debug|Win32.ActiveCfg = Debug|Win32
		{84B04F75-86DB-4056-8A02-6A2374E72A4E}.Debug|Win32.Build.0 = Debug|Win32
		{84B04F75-86DB-4056-8A02-6A2374E72A4E}.Release|Win32.ActiveCfg = Release|Win32
		{84B04F75-86DB-4056-8A02-6A2374E72A4E}.Release|Win32.Build.0 = Release|Win32
		{1DF1B050-BC08-4FC4-8B99-27D7D73AD57C}.Debug|Win32.ActiveCfg = Debug|Win32
		{1DF1B050-BC08-4FC4-8B99-27D7D73AD57C}.Debug|Win32.Build.0 = Debug|Win32
		{1DF1B050-BC08-4FC4-8B99-27D7D73AD57C}.Release|Win32.ActiveCfg = Release|Win32
		{1DF1B050-BC08-4FC4-8B99-27D7D73AD57C}.Release|Win32.Build.0 = Release|Win32
		{D7079B7D-C9D9-4061-BE59-BA6A388853BA}.Debug|Win32.ActiveCfg = Debug|Win32
		{D7079B7D-C9D9-4061-BE59-BA6A388853BA}.Debug|Win32.Build.0 = Debug|Win32
		{D7079B7D-C9D9-4061-BE59-BA6A388853BA}.Release|Win32.ActiveCfg = Release|Win32
		{D7079B7D-C9D9-4061-BE59-BA6A388853BA}.Release|Win32.Build.0 = Release|Win32
		{C2B9F577-7A9D-4C89-A669-9101DBE21436}.Debug|Win32.ActiveCfg = Debug|Win32
		{C2B9F577-7A9D-4C89-A669-9101DBE21436}.Debug|Win32.Build.0 = Debug|Win32
		{C2B9F577-7A9D-4C89-A669-9101DBE21436}.Release|Win32.ActiveCfg = Release|Win32
		{C2B9F577-7A9D-4C89-A669-9101DBE21436}.Release|Win32.Build.0 = Release|Win32
		{1A1833E6-DBDB-4175-801A-A53699D0B70F}.Debug|Win32.ActiveCfg = Debug|Win32
		{1A1833E6-DBDB-4175-801A-A53699D0B70F}.Debug|Win32.Build.0 = Debug|Win32
		{1A1833E6-DBDB-4175-801A-A53699D0B70F}.Release|Win32.ActiveCfg = Release|Win32
		{1A1833E6-DBDB-4175-801A-A53699D0B70F}.Release|Win32.Build.0 = Release|Win32
	EndGlobalSection
	GlobalSection(SolutionProperties) = preSolution
		HideSolutionNode = FALSE
	EndGlobalSection
EndGlobal
