
Microsoft Visual Studio Solution File, Format Version 9.00
# Visual C++ Express 2005
Project("{8BC9CEB8-8B4A-11D0-8D11-00A0C91BC942}") = "BinaryDLL-Link-Example", "BinaryDLL-Link-Example.vcproj", "{AD0EF32C-C047-4D7C-BF7A-2CA98EDC43E3}"
EndProject
Global
	GlobalSection(SolutionConfigurationPlatforms) = preSolution
		Debug|Win32 = Debug|Win32
		Release|Win32 = Release|Win32
	EndGlobalSection
	GlobalSection(ProjectConfigurationPlatforms) = postSolution
		{AD0EF32C-C047-4D7C-BF7A-2CA98EDC43E3}.Debug|Win32.ActiveCfg = Debug|Win32
		{AD0EF32C-C047-4D7C-BF7A-2CA98EDC43E3}.Debug|Win32.Build.0 = Debug|Win32
		{AD0EF32C-C047-4D7C-BF7A-2CA98EDC43E3}.Release|Win32.ActiveCfg = Release|Win32
		{AD0EF32C-C047-4D7C-BF7A-2CA98EDC43E3}.Release|Win32.Build.0 = Release|Win32
	EndGlobalSection
	GlobalSection(SolutionProperties) = preSolution
		HideSolutionNode = FALSE
	EndGlobalSection
EndGlobal
