
Microsoft Visual Studio Solution File, Format Version 9.00
# Visual Studio 2005
Project("{8BC9CEB8-8B4A-11D0-8D11-00A0C91BC942}") = "Ipopt-vc8", "IpOpt\IpOpt.vcproj", "{0D00FBF3-689A-4C06-8F5E-5319463C5ADA}"
	ProjectSection(ProjectDependencies) = postProject
		{6C68626D-C869-4907-BBCE-6F4D3B9620D9} = {6C68626D-C869-4907-BBCE-6F4D3B9620D9}
	EndProjectSection
EndProject
Project("{6989167D-11E4-40FE-8C1A-2192A86A7E90}") = "CoinLapack", "CoinLapack\CoinLapack.vfproj", "{97E4A8DA-C94F-459D-AD7B-58DC5A8810D1}"
EndProject
Project("{6989167D-11E4-40FE-8C1A-2192A86A7E90}") = "CoinBlas", "CoinBlas\CoinBlas.vfproj", "{426C24C0-6141-4556-9243-DAFCCE59741B}"
EndProject
Project("{8BC9CEB8-8B4A-11D0-8D11-00A0C91BC942}") = "CoinMetis", "CoinMetis\CoinMetis.vcproj", "{C491DA47-C32E-4D5C-983A-3FB4F349B361}"
EndProject
Project("{6989167D-11E4-40FE-8C1A-2192A86A7E90}") = "CoinMumpsF90", "CoinMumps\CoinMumpsF90.vfproj", "{1E73FE2D-F99A-4D47-912C-73412A47BEF9}"
EndProject
Project("{8BC9CEB8-8B4A-11D0-8D11-00A0C91BC942}") = "CoinMumpsC", "CoinMumpsC\CoinMumpsC.vcproj", "{F5CAACB0-B4CC-4A8C-9E0C-7CFC621488B1}"
EndProject
Project("{6989167D-11E4-40FE-8C1A-2192A86A7E90}") = "IpOptFor", "IpOptFor\IpOptFor.vfproj", "{884D1BD4-FE2B-4ED9-9694-3472E7BAE73E}"
EndProject
Project("{6989167D-11E4-40FE-8C1A-2192A86A7E90}") = "libhsl", "libhsl\libhsl.vfproj", "{CBC96FE8-7E9C-414E-86C7-09D5EB5AE135}"
EndProject
Project("{6989167D-11E4-40FE-8C1A-2192A86A7E90}") = "libhsl-no-MA57", "libhsl-no-MA57\libhsl-no-MA57.vfproj", "{216BB389-6C3C-45E5-A6AF-41D6FBD7D171}"
EndProject
Project("{8BC9CEB8-8B4A-11D0-8D11-00A0C91BC942}") = "hs071_cpp-vc8", "hs071_cpp\hs071_cpp.vcproj", "{84B04F75-86DB-4056-8A02-6A2374E72A4E}"
	ProjectSection(ProjectDependencies) = postProject
		{0D00FBF3-689A-4C06-8F5E-5319463C5ADA} = {0D00FBF3-689A-4C06-8F5E-5319463C5ADA}
	EndProjectSection
EndProject
Project("{8BC9CEB8-8B4A-11D0-8D11-00A0C91BC942}") = "IpOptFSS", "IpOptFSS\IpOptFSS.vcproj", "{6C68626D-C869-4907-BBCE-6F4D3B9620D9}"
	ProjectSection(ProjectDependencies) = postProject
		{1E73FE2D-F99A-4D47-912C-73412A47BEF9} = {1E73FE2D-F99A-4D47-912C-73412A47BEF9}
		{C491DA47-C32E-4D5C-983A-3FB4F349B361} = {C491DA47-C32E-4D5C-983A-3FB4F349B361}
		{F5CAACB0-B4CC-4A8C-9E0C-7CFC621488B1} = {F5CAACB0-B4CC-4A8C-9E0C-7CFC621488B1}
		{426C24C0-6141-4556-9243-DAFCCE59741B} = {426C24C0-6141-4556-9243-DAFCCE59741B}
		{884D1BD4-FE2B-4ED9-9694-3472E7BAE73E} = {884D1BD4-FE2B-4ED9-9694-3472E7BAE73E}
		{97E4A8DA-C94F-459D-AD7B-58DC5A8810D1} = {97E4A8DA-C94F-459D-AD7B-58DC5A8810D1}
	EndProjectSection
EndProject
Global
	GlobalSection(SolutionConfigurationPlatforms) = preSolution
		Debug|Win32 = Debug|Win32
		Debug|x64 = Debug|x64
		Release|Win32 = Release|Win32
		Release|x64 = Release|x64
		ReleaseMKL|Win32 = ReleaseMKL|Win32
		ReleaseMKL|x64 = ReleaseMKL|x64
	EndGlobalSection
	GlobalSection(ProjectConfigurationPlatforms) = postSolution
		{0D00FBF3-689A-4C06-8F5E-5319463C5ADA}.Debug|Win32.ActiveCfg = Debug|Win32
		{0D00FBF3-689A-4C06-8F5E-5319463C5ADA}.Debug|Win32.Build.0 = Debug|Win32
		{0D00FBF3-689A-4C06-8F5E-5319463C5ADA}.Debug|x64.ActiveCfg = Debug|x64
		{0D00FBF3-689A-4C06-8F5E-5319463C5ADA}.Debug|x64.Build.0 = Debug|x64
		{0D00FBF3-689A-4C06-8F5E-5319463C5ADA}.Release|Win32.ActiveCfg = Release|Win32
		{0D00FBF3-689A-4C06-8F5E-5319463C5ADA}.Release|Win32.Build.0 = Release|Win32
		{0D00FBF3-689A-4C06-8F5E-5319463C5ADA}.Release|x64.ActiveCfg = Release|x64
		{0D00FBF3-689A-4C06-8F5E-5319463C5ADA}.Release|x64.Build.0 = Release|x64
		{0D00FBF3-689A-4C06-8F5E-5319463C5ADA}.ReleaseMKL|Win32.ActiveCfg = ReleaseMKL|Win32
		{0D00FBF3-689A-4C06-8F5E-5319463C5ADA}.ReleaseMKL|Win32.Build.0 = ReleaseMKL|Win32
		{0D00FBF3-689A-4C06-8F5E-5319463C5ADA}.ReleaseMKL|x64.ActiveCfg = ReleaseMKL|x64
		{0D00FBF3-689A-4C06-8F5E-5319463C5ADA}.ReleaseMKL|x64.Build.0 = ReleaseMKL|x64
		{97E4A8DA-C94F-459D-AD7B-58DC5A8810D1}.Debug|Win32.ActiveCfg = Debug|Win32
		{97E4A8DA-C94F-459D-AD7B-58DC5A8810D1}.Debug|Win32.Build.0 = Debug|Win32
		{97E4A8DA-C94F-459D-AD7B-58DC5A8810D1}.Debug|x64.ActiveCfg = Debug|x64
		{97E4A8DA-C94F-459D-AD7B-58DC5A8810D1}.Debug|x64.Build.0 = Debug|x64
		{97E4A8DA-C94F-459D-AD7B-58DC5A8810D1}.Release|Win32.ActiveCfg = Release|Win32
		{97E4A8DA-C94F-459D-AD7B-58DC5A8810D1}.Release|Win32.Build.0 = Release|Win32
		{97E4A8DA-C94F-459D-AD7B-58DC5A8810D1}.Release|x64.ActiveCfg = Release|x64
		{97E4A8DA-C94F-459D-AD7B-58DC5A8810D1}.Release|x64.Build.0 = Release|x64
		{97E4A8DA-C94F-459D-AD7B-58DC5A8810D1}.ReleaseMKL|Win32.ActiveCfg = ReleaseMKL|Win32
		{97E4A8DA-C94F-459D-AD7B-58DC5A8810D1}.ReleaseMKL|Win32.Build.0 = ReleaseMKL|Win32
		{97E4A8DA-C94F-459D-AD7B-58DC5A8810D1}.ReleaseMKL|x64.ActiveCfg = ReleaseMKL|x64
		{97E4A8DA-C94F-459D-AD7B-58DC5A8810D1}.ReleaseMKL|x64.Build.0 = ReleaseMKL|x64
		{426C24C0-6141-4556-9243-DAFCCE59741B}.Debug|Win32.ActiveCfg = Debug|Win32
		{426C24C0-6141-4556-9243-DAFCCE59741B}.Debug|Win32.Build.0 = Debug|Win32
		{426C24C0-6141-4556-9243-DAFCCE59741B}.Debug|x64.ActiveCfg = Debug|x64
		{426C24C0-6141-4556-9243-DAFCCE59741B}.Debug|x64.Build.0 = Debug|x64
		{426C24C0-6141-4556-9243-DAFCCE59741B}.Release|Win32.ActiveCfg = Release|Win32
		{426C24C0-6141-4556-9243-DAFCCE59741B}.Release|Win32.Build.0 = Release|Win32
		{426C24C0-6141-4556-9243-DAFCCE59741B}.Release|x64.ActiveCfg = Release|x64
		{426C24C0-6141-4556-9243-DAFCCE59741B}.Release|x64.Build.0 = Release|x64
		{426C24C0-6141-4556-9243-DAFCCE59741B}.ReleaseMKL|Win32.ActiveCfg = ReleaseMKL|Win32
		{426C24C0-6141-4556-9243-DAFCCE59741B}.ReleaseMKL|Win32.Build.0 = ReleaseMKL|Win32
		{426C24C0-6141-4556-9243-DAFCCE59741B}.ReleaseMKL|x64.ActiveCfg = ReleaseMKL|x64
		{426C24C0-6141-4556-9243-DAFCCE59741B}.ReleaseMKL|x64.Build.0 = ReleaseMKL|x64
		{C491DA47-C32E-4D5C-983A-3FB4F349B361}.Debug|Win32.ActiveCfg = Debug|Win32
		{C491DA47-C32E-4D5C-983A-3FB4F349B361}.Debug|Win32.Build.0 = Debug|Win32
		{C491DA47-C32E-4D5C-983A-3FB4F349B361}.Debug|x64.ActiveCfg = Debug|x64
		{C491DA47-C32E-4D5C-983A-3FB4F349B361}.Debug|x64.Build.0 = Debug|x64
		{C491DA47-C32E-4D5C-983A-3FB4F349B361}.Release|Win32.ActiveCfg = Release|Win32
		{C491DA47-C32E-4D5C-983A-3FB4F349B361}.Release|Win32.Build.0 = Release|Win32
		{C491DA47-C32E-4D5C-983A-3FB4F349B361}.Release|x64.ActiveCfg = Release|x64
		{C491DA47-C32E-4D5C-983A-3FB4F349B361}.Release|x64.Build.0 = Release|x64
		{C491DA47-C32E-4D5C-983A-3FB4F349B361}.ReleaseMKL|Win32.ActiveCfg = ReleaseMKL|Win32
		{C491DA47-C32E-4D5C-983A-3FB4F349B361}.ReleaseMKL|Win32.Build.0 = ReleaseMKL|Win32
		{C491DA47-C32E-4D5C-983A-3FB4F349B361}.ReleaseMKL|x64.ActiveCfg = ReleaseMKL|x64
		{C491DA47-C32E-4D5C-983A-3FB4F349B361}.ReleaseMKL|x64.Build.0 = ReleaseMKL|x64
		{1E73FE2D-F99A-4D47-912C-73412A47BEF9}.Debug|Win32.ActiveCfg = Debug|Win32
		{1E73FE2D-F99A-4D47-912C-73412A47BEF9}.Debug|Win32.Build.0 = Debug|Win32
		{1E73FE2D-F99A-4D47-912C-73412A47BEF9}.Debug|x64.ActiveCfg = Debug|x64
		{1E73FE2D-F99A-4D47-912C-73412A47BEF9}.Debug|x64.Build.0 = Debug|x64
		{1E73FE2D-F99A-4D47-912C-73412A47BEF9}.Release|Win32.ActiveCfg = Release|Win32
		{1E73FE2D-F99A-4D47-912C-73412A47BEF9}.Release|Win32.Build.0 = Release|Win32
		{1E73FE2D-F99A-4D47-912C-73412A47BEF9}.Release|x64.ActiveCfg = Release|x64
		{1E73FE2D-F99A-4D47-912C-73412A47BEF9}.Release|x64.Build.0 = Release|x64
		{1E73FE2D-F99A-4D47-912C-73412A47BEF9}.ReleaseMKL|Win32.ActiveCfg = ReleaseMKL|Win32
		{1E73FE2D-F99A-4D47-912C-73412A47BEF9}.ReleaseMKL|Win32.Build.0 = ReleaseMKL|Win32
		{1E73FE2D-F99A-4D47-912C-73412A47BEF9}.ReleaseMKL|x64.ActiveCfg = ReleaseMKL|x64
		{1E73FE2D-F99A-4D47-912C-73412A47BEF9}.ReleaseMKL|x64.Build.0 = ReleaseMKL|x64
		{F5CAACB0-B4CC-4A8C-9E0C-7CFC621488B1}.Debug|Win32.ActiveCfg = Debug|Win32
		{F5CAACB0-B4CC-4A8C-9E0C-7CFC621488B1}.Debug|Win32.Build.0 = Debug|Win32
		{F5CAACB0-B4CC-4A8C-9E0C-7CFC621488B1}.Debug|x64.ActiveCfg = Debug|x64
		{F5CAACB0-B4CC-4A8C-9E0C-7CFC621488B1}.Debug|x64.Build.0 = Debug|x64
		{F5CAACB0-B4CC-4A8C-9E0C-7CFC621488B1}.Release|Win32.ActiveCfg = Release|Win32
		{F5CAACB0-B4CC-4A8C-9E0C-7CFC621488B1}.Release|Win32.Build.0 = Release|Win32
		{F5CAACB0-B4CC-4A8C-9E0C-7CFC621488B1}.Release|x64.ActiveCfg = Release|x64
		{F5CAACB0-B4CC-4A8C-9E0C-7CFC621488B1}.Release|x64.Build.0 = Release|x64
		{F5CAACB0-B4CC-4A8C-9E0C-7CFC621488B1}.ReleaseMKL|Win32.ActiveCfg = ReleaseMKL|Win32
		{F5CAACB0-B4CC-4A8C-9E0C-7CFC621488B1}.ReleaseMKL|Win32.Build.0 = ReleaseMKL|Win32
		{F5CAACB0-B4CC-4A8C-9E0C-7CFC621488B1}.ReleaseMKL|x64.ActiveCfg = ReleaseMKL|x64
		{F5CAACB0-B4CC-4A8C-9E0C-7CFC621488B1}.ReleaseMKL|x64.Build.0 = ReleaseMKL|x64
		{884D1BD4-FE2B-4ED9-9694-3472E7BAE73E}.Debug|Win32.ActiveCfg = Debug|Win32
		{884D1BD4-FE2B-4ED9-9694-3472E7BAE73E}.Debug|Win32.Build.0 = Debug|Win32
		{884D1BD4-FE2B-4ED9-9694-3472E7BAE73E}.Debug|x64.ActiveCfg = Debug|x64
		{884D1BD4-FE2B-4ED9-9694-3472E7BAE73E}.Debug|x64.Build.0 = Debug|x64
		{884D1BD4-FE2B-4ED9-9694-3472E7BAE73E}.Release|Win32.ActiveCfg = Release|Win32
		{884D1BD4-FE2B-4ED9-9694-3472E7BAE73E}.Release|Win32.Build.0 = Release|Win32
		{884D1BD4-FE2B-4ED9-9694-3472E7BAE73E}.Release|x64.ActiveCfg = Release|x64
		{884D1BD4-FE2B-4ED9-9694-3472E7BAE73E}.Release|x64.Build.0 = Release|x64
		{884D1BD4-FE2B-4ED9-9694-3472E7BAE73E}.ReleaseMKL|Win32.ActiveCfg = ReleaseMKL|Win32
		{884D1BD4-FE2B-4ED9-9694-3472E7BAE73E}.ReleaseMKL|Win32.Build.0 = ReleaseMKL|Win32
		{884D1BD4-FE2B-4ED9-9694-3472E7BAE73E}.ReleaseMKL|x64.ActiveCfg = ReleaseMKL|x64
		{884D1BD4-FE2B-4ED9-9694-3472E7BAE73E}.ReleaseMKL|x64.Build.0 = ReleaseMKL|x64
		{CBC96FE8-7E9C-414E-86C7-09D5EB5AE135}.Debug|Win32.ActiveCfg = Debug|Win32
		{CBC96FE8-7E9C-414E-86C7-09D5EB5AE135}.Debug|x64.ActiveCfg = Debug|x64
		{CBC96FE8-7E9C-414E-86C7-09D5EB5AE135}.Release|Win32.ActiveCfg = Release|Win32
		{CBC96FE8-7E9C-414E-86C7-09D5EB5AE135}.Release|x64.ActiveCfg = Release|x64
		{CBC96FE8-7E9C-414E-86C7-09D5EB5AE135}.ReleaseMKL|Win32.ActiveCfg = ReleaseMKL|Win32
		{CBC96FE8-7E9C-414E-86C7-09D5EB5AE135}.ReleaseMKL|x64.ActiveCfg = ReleaseMKL|x64
		{216BB389-6C3C-45E5-A6AF-41D6FBD7D171}.Debug|Win32.ActiveCfg = Debug|Win32
		{216BB389-6C3C-45E5-A6AF-41D6FBD7D171}.Debug|Win32.Build.0 = Debug|Win32
		{216BB389-6C3C-45E5-A6AF-41D6FBD7D171}.Debug|x64.ActiveCfg = Debug|x64
		{216BB389-6C3C-45E5-A6AF-41D6FBD7D171}.Debug|x64.Build.0 = Debug|x64
		{216BB389-6C3C-45E5-A6AF-41D6FBD7D171}.Release|Win32.ActiveCfg = Release|Win32
		{216BB389-6C3C-45E5-A6AF-41D6FBD7D171}.Release|Win32.Build.0 = Release|Win32
		{216BB389-6C3C-45E5-A6AF-41D6FBD7D171}.Release|x64.ActiveCfg = Release|x64
		{216BB389-6C3C-45E5-A6AF-41D6FBD7D171}.Release|x64.Build.0 = Release|x64
		{216BB389-6C3C-45E5-A6AF-41D6FBD7D171}.ReleaseMKL|Win32.ActiveCfg = ReleaseMKL|Win32
		{216BB389-6C3C-45E5-A6AF-41D6FBD7D171}.ReleaseMKL|Win32.Build.0 = ReleaseMKL|Win32
		{216BB389-6C3C-45E5-A6AF-41D6FBD7D171}.ReleaseMKL|x64.ActiveCfg = ReleaseMKL|x64
		{216BB389-6C3C-45E5-A6AF-41D6FBD7D171}.ReleaseMKL|x64.Build.0 = ReleaseMKL|x64
		{84B04F75-86DB-4056-8A02-6A2374E72A4E}.Debug|Win32.ActiveCfg = Debug|Win32
		{84B04F75-86DB-4056-8A02-6A2374E72A4E}.Debug|Win32.Build.0 = Debug|Win32
		{84B04F75-86DB-4056-8A02-6A2374E72A4E}.Debug|x64.ActiveCfg = Debug|x64
		{84B04F75-86DB-4056-8A02-6A2374E72A4E}.Debug|x64.Build.0 = Debug|x64
		{84B04F75-86DB-4056-8A02-6A2374E72A4E}.Release|Win32.ActiveCfg = Release|Win32
		{84B04F75-86DB-4056-8A02-6A2374E72A4E}.Release|Win32.Build.0 = Release|Win32
		{84B04F75-86DB-4056-8A02-6A2374E72A4E}.Release|x64.ActiveCfg = Release|x64
		{84B04F75-86DB-4056-8A02-6A2374E72A4E}.Release|x64.Build.0 = Release|x64
		{84B04F75-86DB-4056-8A02-6A2374E72A4E}.ReleaseMKL|Win32.ActiveCfg = ReleaseMKL|Win32
		{84B04F75-86DB-4056-8A02-6A2374E72A4E}.ReleaseMKL|Win32.Build.0 = ReleaseMKL|Win32
		{84B04F75-86DB-4056-8A02-6A2374E72A4E}.ReleaseMKL|x64.ActiveCfg = ReleaseMKL|x64
		{84B04F75-86DB-4056-8A02-6A2374E72A4E}.ReleaseMKL|x64.Build.0 = ReleaseMKL|x64
		{6C68626D-C869-4907-BBCE-6F4D3B9620D9}.Debug|Win32.ActiveCfg = Debug|Win32
		{6C68626D-C869-4907-BBCE-6F4D3B9620D9}.Debug|Win32.Build.0 = Debug|Win32
		{6C68626D-C869-4907-BBCE-6F4D3B9620D9}.Debug|x64.ActiveCfg = Debug|x64
		{6C68626D-C869-4907-BBCE-6F4D3B9620D9}.Debug|x64.Build.0 = Debug|x64
		{6C68626D-C869-4907-BBCE-6F4D3B9620D9}.Release|Win32.ActiveCfg = Release|Win32
		{6C68626D-C869-4907-BBCE-6F4D3B9620D9}.Release|Win32.Build.0 = Release|Win32
		{6C68626D-C869-4907-BBCE-6F4D3B9620D9}.Release|x64.ActiveCfg = Release|x64
		{6C68626D-C869-4907-BBCE-6F4D3B9620D9}.Release|x64.Build.0 = Release|x64
		{6C68626D-C869-4907-BBCE-6F4D3B9620D9}.ReleaseMKL|Win32.ActiveCfg = ReleaseMKL|Win32
		{6C68626D-C869-4907-BBCE-6F4D3B9620D9}.ReleaseMKL|Win32.Build.0 = ReleaseMKL|Win32
		{6C68626D-C869-4907-BBCE-6F4D3B9620D9}.ReleaseMKL|x64.ActiveCfg = ReleaseMKL|x64
		{6C68626D-C869-4907-BBCE-6F4D3B9620D9}.ReleaseMKL|x64.Build.0 = ReleaseMKL|x64
	EndGlobalSection
	GlobalSection(SolutionProperties) = preSolution
		HideSolutionNode = FALSE
	EndGlobalSection
EndGlobal
